
Microsoft Visual Studio Solution File, Format Version 12.00
# Visual Studio Version 17
VisualStudioVersion = 17.3.32922.545
MinimumVisualStudioVersion = 10.0.40219.1
Project("{FAE04EC0-301F-11D3-BF4B-00C04F79EFBC}") = "DeveloperTest_v1a", "DeveloperTest_v1a\DeveloperTest_v1a.csproj", "{84AC1942-2E64-4946-8F33-FDCB0ECDBD2E}"
EndProject
Global
	GlobalSection(SolutionConfigurationPlatforms) = preSolution
		Debug|Any CPU = Debug|Any CPU
		Release|Any CPU = Release|Any CPU
	EndGlobalSection
	GlobalSection(ProjectConfigurationPlatforms) = postSolution
		{84AC1942-2E64-4946-8F33-FDCB0ECDBD2E}.Debug|Any CPU.ActiveCfg = Debug|Any CPU
		{84AC1942-2E64-4946-8F33-FDCB0ECDBD2E}.Debug|Any CPU.Build.0 = Debug|Any CPU
		{84AC1942-2E64-4946-8F33-FDCB0ECDBD2E}.Release|Any CPU.ActiveCfg = Release|Any CPU
		{84AC1942-2E64-4946-8F33-FDCB0ECDBD2E}.Release|Any CPU.Build.0 = Release|Any CPU
	EndGlobalSection
	GlobalSection(SolutionProperties) = preSolution
		HideSolutionNode = FALSE
	EndGlobalSection
	GlobalSection(ExtensibilityGlobals) = postSolution
		SolutionGuid = {34426876-B089-4D37-8E06-266F705F6641}
	EndGlobalSection
EndGlobal
